
Microsoft Visual Studio Solution File, Format Version 12.00
# Visual Studio Version 16
VisualStudioVersion = 16.0.31702.278
MinimumVisualStudioVersion = 10.0.40219.1
Project("{9A19103F-16F7-4668-BE54-9A1E7A4F7556}") = "SWE_Assignment1", "SWE_Assignment1\SWE_Assignment1.csproj", "{B5788FC5-4127-46AC-A7B6-07EB55D31BC4}"
EndProject
Project("{FAE04EC0-301F-11D3-BF4B-00C04F79EFBC}") = "PredictionWebApi", "PredictionWebApi\PredictionWebApi.csproj", "{62FED9CB-13B4-4746-8AE1-4B0B864E094C}"
EndProject
Global
	GlobalSection(SolutionConfigurationPlatforms) = preSolution
		Debug|Any CPU = Debug|Any CPU
		Release|Any CPU = Release|Any CPU
	EndGlobalSection
	GlobalSection(ProjectConfigurationPlatforms) = postSolution
		{B5788FC5-4127-46AC-A7B6-07EB55D31BC4}.Debug|Any CPU.ActiveCfg = Debug|Any CPU
		{B5788FC5-4127-46AC-A7B6-07EB55D31BC4}.Debug|Any CPU.Build.0 = Debug|Any CPU
		{B5788FC5-4127-46AC-A7B6-07EB55D31BC4}.Release|Any CPU.ActiveCfg = Release|Any CPU
		{B5788FC5-4127-46AC-A7B6-07EB55D31BC4}.Release|Any CPU.Build.0 = Release|Any CPU
		{62FED9CB-13B4-4746-8AE1-4B0B864E094C}.Debug|Any CPU.ActiveCfg = Debug|Any CPU
		{62FED9CB-13B4-4746-8AE1-4B0B864E094C}.Debug|Any CPU.Build.0 = Debug|Any CPU
		{62FED9CB-13B4-4746-8AE1-4B0B864E094C}.Release|Any CPU.ActiveCfg = Release|Any CPU
		{62FED9CB-13B4-4746-8AE1-4B0B864E094C}.Release|Any CPU.Build.0 = Release|Any CPU
	EndGlobalSection
	GlobalSection(SolutionProperties) = preSolution
		HideSolutionNode = FALSE
	EndGlobalSection
	GlobalSection(ExtensibilityGlobals) = postSolution
		SolutionGuid = {6491CC5E-A071-44FF-81E6-2C2002286743}
	EndGlobalSection
EndGlobal
