
Microsoft Visual Studio Solution File, Format Version 12.00
# Visual Studio Version 16
VisualStudioVersion = 16.0.31729.503
MinimumVisualStudioVersion = 10.0.40219.1
Project("{8BC9CEB8-8B4A-11D0-8D11-00A0C91BC942}") = "MystringLib", "MystringLib\MystringLib.vcxproj", "{7820C350-F8B7-4771-8CDA-34A85903FE0D}"
EndProject
Project("{8BC9CEB8-8B4A-11D0-8D11-00A0C91BC942}") = "TestApp", "TestApp\TestApp.vcxproj", "{79889AE2-39A2-4751-96CC-0B2D1D9CE153}"
EndProject
Global
	GlobalSection(SolutionConfigurationPlatforms) = preSolution
		Debug|x64 = Debug|x64
		Debug|x86 = Debug|x86
		Release|x64 = Release|x64
		Release|x86 = Release|x86
	EndGlobalSection
	GlobalSection(ProjectConfigurationPlatforms) = postSolution
		{7820C350-F8B7-4771-8CDA-34A85903FE0D}.Debug|x64.ActiveCfg = Debug|x64
		{7820C350-F8B7-4771-8CDA-34A85903FE0D}.Debug|x64.Build.0 = Debug|x64
		{7820C350-F8B7-4771-8CDA-34A85903FE0D}.Debug|x86.ActiveCfg = Debug|Win32
		{7820C350-F8B7-4771-8CDA-34A85903FE0D}.Debug|x86.Build.0 = Debug|Win32
		{7820C350-F8B7-4771-8CDA-34A85903FE0D}.Release|x64.ActiveCfg = Release|x64
		{7820C350-F8B7-4771-8CDA-34A85903FE0D}.Release|x64.Build.0 = Release|x64
		{7820C350-F8B7-4771-8CDA-34A85903FE0D}.Release|x86.ActiveCfg = Release|Win32
		{7820C350-F8B7-4771-8CDA-34A85903FE0D}.Release|x86.Build.0 = Release|Win32
		{79889AE2-39A2-4751-96CC-0B2D1D9CE153}.Debug|x64.ActiveCfg = Debug|x64
		{79889AE2-39A2-4751-96CC-0B2D1D9CE153}.Debug|x64.Build.0 = Debug|x64
		{79889AE2-39A2-4751-96CC-0B2D1D9CE153}.Debug|x86.ActiveCfg = Debug|Win32
		{79889AE2-39A2-4751-96CC-0B2D1D9CE153}.Debug|x86.Build.0 = Debug|Win32
		{79889AE2-39A2-4751-96CC-0B2D1D9CE153}.Release|x64.ActiveCfg = Release|x64
		{79889AE2-39A2-4751-96CC-0B2D1D9CE153}.Release|x64.Build.0 = Release|x64
		{79889AE2-39A2-4751-96CC-0B2D1D9CE153}.Release|x86.ActiveCfg = Release|Win32
		{79889AE2-39A2-4751-96CC-0B2D1D9CE153}.Release|x86.Build.0 = Release|Win32
	EndGlobalSection
	GlobalSection(SolutionProperties) = preSolution
		HideSolutionNode = FALSE
	EndGlobalSection
	GlobalSection(ExtensibilityGlobals) = postSolution
		SolutionGuid = {64279709-658F-41AF-969D-63DD3DE9857B}
	EndGlobalSection
EndGlobal
